
Microsoft Visual Studio Solution File, Format Version 12.00
# Visual Studio Version 16
VisualStudioVersion = 16.0.30621.155
MinimumVisualStudioVersion = 10.0.40219.1
Project("{FAE04EC0-301F-11D3-BF4B-00C04F79EFBC}") = "Basketball", "Basketball\Basketball.csproj", "{19CC0322-3372-4A5B-81DF-7255A1D85759}"
EndProject
Global
	GlobalSection(SolutionConfigurationPlatforms) = preSolution
		Debug|Any CPU = Debug|Any CPU
		Release|Any CPU = Release|Any CPU
	EndGlobalSection
	GlobalSection(ProjectConfigurationPlatforms) = postSolution
		{19CC0322-3372-4A5B-81DF-7255A1D85759}.Debug|Any CPU.ActiveCfg = Debug|Any CPU
		{19CC0322-3372-4A5B-81DF-7255A1D85759}.Debug|Any CPU.Build.0 = Debug|Any CPU
		{19CC0322-3372-4A5B-81DF-7255A1D85759}.Release|Any CPU.ActiveCfg = Release|Any CPU
		{19CC0322-3372-4A5B-81DF-7255A1D85759}.Release|Any CPU.Build.0 = Release|Any CPU
	EndGlobalSection
	GlobalSection(SolutionProperties) = preSolution
		HideSolutionNode = FALSE
	EndGlobalSection
	GlobalSection(ExtensibilityGlobals) = postSolution
		SolutionGuid = {53CF3346-8F06-4BD3-BA72-240D03BAC61A}
	EndGlobalSection
EndGlobal
